
Microsoft Visual Studio Solution File, Format Version 12.00
# Visual Studio Version 17
VisualStudioVersion = 17.3.32929.385
MinimumVisualStudioVersion = 10.0.40219.1
Project("{FAE04EC0-301F-11D3-BF4B-00C04F79EFBC}") = "Adoapp", "Adoapp.csproj", "{7A36EBE7-510F-4C8A-9B81-58B27508F201}"
EndProject
Global
	GlobalSection(SolutionConfigurationPlatforms) = preSolution
		Debug|Any CPU = Debug|Any CPU
		Release|Any CPU = Release|Any CPU
	EndGlobalSection
	GlobalSection(ProjectConfigurationPlatforms) = postSolution
		{7A36EBE7-510F-4C8A-9B81-58B27508F201}.Debug|Any CPU.ActiveCfg = Debug|Any CPU
		{7A36EBE7-510F-4C8A-9B81-58B27508F201}.Debug|Any CPU.Build.0 = Debug|Any CPU
		{7A36EBE7-510F-4C8A-9B81-58B27508F201}.Release|Any CPU.ActiveCfg = Release|Any CPU
		{7A36EBE7-510F-4C8A-9B81-58B27508F201}.Release|Any CPU.Build.0 = Release|Any CPU
	EndGlobalSection
	GlobalSection(SolutionProperties) = preSolution
		HideSolutionNode = FALSE
	EndGlobalSection
	GlobalSection(ExtensibilityGlobals) = postSolution
		SolutionGuid = {55784530-7FAA-4A23-90D1-BD340DB10D5E}
	EndGlobalSection
EndGlobal
